// !$*UTF8*$!
{
	archiveVersion = 1;
	classes = {
	};
	objectVersion = 50;
	objects = {

/* Begin PBXBuildFile section */
		AF3840EE21CBCFE8008F135E /* AppDelegate.swift in Sources */ = {isa = PBXBuildFile; fileRef = AF3840ED21CBCFE8008F135E /* AppDelegate.swift */; };
		AF3840F021CBCFE8008F135E /* SwipeablePlayerViewController.swift in Sources */ = {isa = PBXBuildFile; fileRef = AF3840EF21CBCFE8008F135E /* SwipeablePlayerViewController.swift */; };
		AF3840F321CBCFE8008F135E /* Main.storyboard in Resources */ = {isa = PBXBuildFile; fileRef = AF3840F121CBCFE8008F135E /* Main.storyboard */; };
		AF3840F521CBCFEA008F135E /* Assets.xcassets in Resources */ = {isa = PBXBuildFile; fileRef = AF3840F421CBCFEA008F135E /* Assets.xcassets */; };
		AF3840F821CBCFEA008F135E /* LaunchScreen.storyboard in Resources */ = {isa = PBXBuildFile; fileRef = AF3840F621CBCFEA008F135E /* LaunchScreen.storyboard */; };
		AF8650E421CBDB1F000FBC81 /* ImagesPageViewController.swift in Sources */ = {isa = PBXBuildFile; fileRef = AF8650E321CBDB1F000FBC81 /* ImagesPageViewController.swift */; };
		AF8650E821CBE572000FBC81 /* UIViewController+Storyboard.swift in Sources */ = {isa = PBXBuildFile; fileRef = AF8650E721CBE572000FBC81 /* UIViewController+Storyboard.swift */; };
		AF8650EA21CC10D9000FBC81 /* Collection+BeforeAfterItem.swift in Sources */ = {isa = PBXBuildFile; fileRef = AF8650E921CC10D9000FBC81 /* Collection+BeforeAfterItem.swift */; };
		AFB15D2721CC11E8002A58D3 /* ImageViewController.swift in Sources */ = {isa = PBXBuildFile; fileRef = AFB15D2621CC11E8002A58D3 /* ImageViewController.swift */; };
		AFCC898121E3D38A004EBA26 /* UIImageView+Download.swift in Sources */ = {isa = PBXBuildFile; fileRef = AFCC898021E3D38A004EBA26 /* UIImageView+Download.swift */; };
		AFE7302021E0F23D00E129CC /* VideoPlayerView.swift in Sources */ = {isa = PBXBuildFile; fileRef = AFE7301F21E0F23D00E129CC /* VideoPlayerView.swift */; };
		AFE7302321E0FE9300E129CC /* Resource.swift in Sources */ = {isa = PBXBuildFile; fileRef = AFE7302221E0FE9300E129CC /* Resource.swift */; };
		AFE7302521E10C9400E129CC /* VideoPlayerView.xib in Resources */ = {isa = PBXBuildFile; fileRef = AFE7302421E10C9400E129CC /* VideoPlayerView.xib */; };
		AFE7302721E10D2F00E129CC /* NibInitable.swift in Sources */ = {isa = PBXBuildFile; fileRef = AFE7302621E10D2F00E129CC /* NibInitable.swift */; };
		AFED3FB221E278080073B699 /* UIPageViewController+Extension.swift in Sources */ = {isa = PBXBuildFile; fileRef = AFED3FB121E278080073B699 /* UIPageViewController+Extension.swift */; };
/* End PBXBuildFile section */

/* Begin PBXFileReference section */
		AF3840EA21CBCFE8008F135E /* SwipeablePlayerView.app */ = {isa = PBXFileReference; explicitFileType = wrapper.application; includeInIndex = 0; path = SwipeablePlayerView.app; sourceTree = BUILT_PRODUCTS_DIR; };
		AF3840ED21CBCFE8008F135E /* AppDelegate.swift */ = {isa = PBXFileReference; lastKnownFileType = sourcecode.swift; path = AppDelegate.swift; sourceTree = "<group>"; };
		AF3840EF21CBCFE8008F135E /* SwipeablePlayerViewController.swift */ = {isa = PBXFileReference; lastKnownFileType = sourcecode.swift; path = SwipeablePlayerViewController.swift; sourceTree = "<group>"; };
		AF3840F221CBCFE8008F135E /* Base */ = {isa = PBXFileReference; lastKnownFileType = file.storyboard; name = Base; path = Base.lproj/Main.storyboard; sourceTree = "<group>"; };
		AF3840F421CBCFEA008F135E /* Assets.xcassets */ = {isa = PBXFileReference; lastKnownFileType = folder.assetcatalog; path = Assets.xcassets; sourceTree = "<group>"; };
		AF3840F721CBCFEA008F135E /* Base */ = {isa = PBXFileReference; lastKnownFileType = file.storyboard; name = Base; path = Base.lproj/LaunchScreen.storyboard; sourceTree = "<group>"; };
		AF3840F921CBCFEA008F135E /* Info.plist */ = {isa = PBXFileReference; lastKnownFileType = text.plist.xml; path = Info.plist; sourceTree = "<group>"; };
		AF8650E321CBDB1F000FBC81 /* ImagesPageViewController.swift */ = {isa = PBXFileReference; lastKnownFileType = sourcecode.swift; path = ImagesPageViewController.swift; sourceTree = "<group>"; };
		AF8650E721CBE572000FBC81 /* UIViewController+Storyboard.swift */ = {isa = PBXFileReference; lastKnownFileType = sourcecode.swift; path = "UIViewController+Storyboard.swift"; sourceTree = "<group>"; };
		AF8650E921CC10D9000FBC81 /* Collection+BeforeAfterItem.swift */ = {isa = PBXFileReference; lastKnownFileType = sourcecode.swift; path = "Collection+BeforeAfterItem.swift"; sourceTree = "<group>"; };
		AFB15D2621CC11E8002A58D3 /* ImageViewController.swift */ = {isa = PBXFileReference; lastKnownFileType = sourcecode.swift; path = ImageViewController.swift; sourceTree = "<group>"; };
		AFCC898021E3D38A004EBA26 /* UIImageView+Download.swift */ = {isa = PBXFileReference; lastKnownFileType = sourcecode.swift; path = "UIImageView+Download.swift"; sourceTree = "<group>"; };
		AFE7301F21E0F23D00E129CC /* VideoPlayerView.swift */ = {isa = PBXFileReference; lastKnownFileType = sourcecode.swift; path = VideoPlayerView.swift; sourceTree = "<group>"; };
		AFE7302221E0FE9300E129CC /* Resource.swift */ = {isa = PBXFileReference; lastKnownFileType = sourcecode.swift; path = Resource.swift; sourceTree = "<group>"; };
		AFE7302421E10C9400E129CC /* VideoPlayerView.xib */ = {isa = PBXFileReference; lastKnownFileType = file.xib; path = VideoPlayerView.xib; sourceTree = "<group>"; };
		AFE7302621E10D2F00E129CC /* NibInitable.swift */ = {isa = PBXFileReference; lastKnownFileType = sourcecode.swift; path = NibInitable.swift; sourceTree = "<group>"; };
		AFED3FB121E278080073B699 /* UIPageViewController+Extension.swift */ = {isa = PBXFileReference; lastKnownFileType = sourcecode.swift; path = "UIPageViewController+Extension.swift"; sourceTree = "<group>"; };
/* End PBXFileReference section */

/* Begin PBXFrameworksBuildPhase section */
		AF3840E721CBCFE8008F135E /* Frameworks */ = {
			isa = PBXFrameworksBuildPhase;
			buildActionMask = 2147483647;
			files = (
			);
			runOnlyForDeploymentPostprocessing = 0;
		};
/* End PBXFrameworksBuildPhase section */

/* Begin PBXGroup section */
		AF3840E121CBCFE8008F135E = {
			isa = PBXGroup;
			children = (
				AF3840EC21CBCFE8008F135E /* SwipeablePlayerView */,
				AF3840EB21CBCFE8008F135E /* Products */,
			);
			sourceTree = "<group>";
		};
		AF3840EB21CBCFE8008F135E /* Products */ = {
			isa = PBXGroup;
			children = (
				AF3840EA21CBCFE8008F135E /* SwipeablePlayerView.app */,
			);
			name = Products;
			sourceTree = "<group>";
		};
		AF3840EC21CBCFE8008F135E /* SwipeablePlayerView */ = {
			isa = PBXGroup;
			children = (
				AF3840ED21CBCFE8008F135E /* AppDelegate.swift */,
				AFE7302121E0FE8000E129CC /* Model */,
				AFED3FAD21E250930073B699 /* Controllers */,
				AFED3FAE21E250CB0073B699 /* Protocols + Extensions */,
				AFED3FAF21E250FA0073B699 /* Views */,
				AFED3FB021E251130073B699 /* Storyboards */,
				AF3840F421CBCFEA008F135E /* Assets.xcassets */,
				AF3840F921CBCFEA008F135E /* Info.plist */,
			);
			path = SwipeablePlayerView;
			sourceTree = "<group>";
		};
		AFE7302121E0FE8000E129CC /* Model */ = {
			isa = PBXGroup;
			children = (
				AFE7302221E0FE9300E129CC /* Resource.swift */,
			);
			path = Model;
			sourceTree = "<group>";
		};
		AFED3FAD21E250930073B699 /* Controllers */ = {
			isa = PBXGroup;
			children = (
				AF3840EF21CBCFE8008F135E /* SwipeablePlayerViewController.swift */,
				AF8650E321CBDB1F000FBC81 /* ImagesPageViewController.swift */,
				AFB15D2621CC11E8002A58D3 /* ImageViewController.swift */,
			);
			path = Controllers;
			sourceTree = "<group>";
		};
		AFED3FAE21E250CB0073B699 /* Protocols + Extensions */ = {
			isa = PBXGroup;
			children = (
				AF8650E721CBE572000FBC81 /* UIViewController+Storyboard.swift */,
				AF8650E921CC10D9000FBC81 /* Collection+BeforeAfterItem.swift */,
				AFE7302621E10D2F00E129CC /* NibInitable.swift */,
				AFED3FB121E278080073B699 /* UIPageViewController+Extension.swift */,
				AFCC898021E3D38A004EBA26 /* UIImageView+Download.swift */,
			);
			path = "Protocols + Extensions";
			sourceTree = "<group>";
		};
		AFED3FAF21E250FA0073B699 /* Views */ = {
			isa = PBXGroup;
			children = (
				AFE7301F21E0F23D00E129CC /* VideoPlayerView.swift */,
				AFE7302421E10C9400E129CC /* VideoPlayerView.xib */,
			);
			path = Views;
			sourceTree = "<group>";
		};
		AFED3FB021E251130073B699 /* Storyboards */ = {
			isa = PBXGroup;
			children = (
				AF3840F121CBCFE8008F135E /* Main.storyboard */,
				AF3840F621CBCFEA008F135E /* LaunchScreen.storyboard */,
			);
			path = Storyboards;
			sourceTree = "<group>";
		};
/* End PBXGroup section */

/* Begin PBXNativeTarget section */
		AF3840E921CBCFE8008F135E /* SwipeablePlayerView */ = {
			isa = PBXNativeTarget;
			buildConfigurationList = AF3840FC21CBCFEA008F135E /* Build configuration list for PBXNativeTarget "SwipeablePlayerView" */;
			buildPhases = (
				AF3840E621CBCFE8008F135E /* Sources */,
				AF3840E721CBCFE8008F135E /* Frameworks */,
				AF3840E821CBCFE8008F135E /* Resources */,
			);
			buildRules = (
			);
			dependencies = (
			);
			name = SwipeablePlayerView;
			productName = SwipeablePlayerView;
			productReference = AF3840EA21CBCFE8008F135E /* SwipeablePlayerView.app */;
			productType = "com.apple.product-type.application";
		};
/* End PBXNativeTarget section */

/* Begin PBXProject section */
		AF3840E221CBCFE8008F135E /* Project object */ = {
			isa = PBXProject;
			attributes = {
				LastSwiftUpdateCheck = 1010;
				LastUpgradeCheck = 1010;
				ORGANIZATIONNAME = "Mufakkharul Islam Nayem";
				TargetAttributes = {
					AF3840E921CBCFE8008F135E = {
						CreatedOnToolsVersion = 10.1;
					};
				};
			};
			buildConfigurationList = AF3840E521CBCFE8008F135E /* Build configuration list for PBXProject "SwipeablePlayerView" */;
			compatibilityVersion = "Xcode 9.3";
			developmentRegion = en;
			hasScannedForEncodings = 0;
			knownRegions = (
				en,
				Base,
			);
			mainGroup = AF3840E121CBCFE8008F135E;
			productRefGroup = AF3840EB21CBCFE8008F135E /* Products */;
			projectDirPath = "";
			projectRoot = "";
			targets = (
				AF3840E921CBCFE8008F135E /* SwipeablePlayerView */,
			);
		};
/* End PBXProject section */

/* Begin PBXResourcesBuildPhase section */
		AF3840E821CBCFE8008F135E /* Resources */ = {
			isa = PBXResourcesBuildPhase;
			buildActionMask = 2147483647;
			files = (
				AF3840F821CBCFEA008F135E /* LaunchScreen.storyboard in Resources */,
				AF3840F521CBCFEA008F135E /* Assets.xcassets in Resources */,
				AF3840F321CBCFE8008F135E /* Main.storyboard in Resources */,
				AFE7302521E10C9400E129CC /* VideoPlayerView.xib in Resources */,
			);
			runOnlyForDeploymentPostprocessing = 0;
		};
/* End PBXResourcesBuildPhase section */

/* Begin PBXSourcesBuildPhase section */
		AF3840E621CBCFE8008F135E /* Sources */ = {
			isa = PBXSourcesBuildPhase;
			buildActionMask = 2147483647;
			files = (
				AF8650EA21CC10D9000FBC81 /* Collection+BeforeAfterItem.swift in Sources */,
				AF3840F021CBCFE8008F135E /* SwipeablePlayerViewController.swift in Sources */,
				AF3840EE21CBCFE8008F135E /* AppDelegate.swift in Sources */,
				AFED3FB221E278080073B699 /* UIPageViewController+Extension.swift in Sources */,
				AF8650E821CBE572000FBC81 /* UIViewController+Storyboard.swift in Sources */,
				AFB15D2721CC11E8002A58D3 /* ImageViewController.swift in Sources */,
				AFE7302721E10D2F00E129CC /* NibInitable.swift in Sources */,
				AFCC898121E3D38A004EBA26 /* UIImageView+Download.swift in Sources */,
				AFE7302321E0FE9300E129CC /* Resource.swift in Sources */,
				AF8650E421CBDB1F000FBC81 /* ImagesPageViewController.swift in Sources */,
				AFE7302021E0F23D00E129CC /* VideoPlayerView.swift in Sources */,
			);
			runOnlyForDeploymentPostprocessing = 0;
		};
/* End PBXSourcesBuildPhase section */

/* Begin PBXVariantGroup section */
		AF3840F121CBCFE8008F135E /* Main.storyboard */ = {
			isa = PBXVariantGroup;
			children = (
				AF3840F221CBCFE8008F135E /* Base */,
			);
			name = Main.storyboard;
			sourceTree = "<group>";
		};
		AF3840F621CBCFEA008F135E /* LaunchScreen.storyboard */ = {
			isa = PBXVariantGroup;
			children = (
				AF3840F721CBCFEA008F135E /* Base */,
			);
			name = LaunchScreen.storyboard;
			sourceTree = "<group>";
		};
/* End PBXVariantGroup section */

/* Begin XCBuildConfiguration section */
		AF3840FA21CBCFEA008F135E /* Debug */ = {
			isa = XCBuildConfiguration;
			buildSettings = {
				ALWAYS_SEARCH_USER_PATHS = NO;
				CLANG_ANALYZER_NONNULL = YES;
				CLANG_ANALYZER_NUMBER_OBJECT_CONVERSION = YES_AGGRESSIVE;
				CLANG_CXX_LANGUAGE_STANDARD = "gnu++14";
				CLANG_CXX_LIBRARY = "libc++";
				CLANG_ENABLE_MODULES = YES;
				CLANG_ENABLE_OBJC_ARC = YES;
				CLANG_ENABLE_OBJC_WEAK = YES;
				CLANG_WARN_BLOCK_CAPTURE_AUTORELEASING = YES;
				CLANG_WARN_BOOL_CONVERSION = YES;
				CLANG_WARN_COMMA = YES;
				CLANG_WARN_CONSTANT_CONVERSION = YES;
				CLANG_WARN_DEPRECATED_OBJC_IMPLEMENTATIONS = YES;
				CLANG_WARN_DIRECT_OBJC_ISA_USAGE = YES_ERROR;
				CLANG_WARN_DOCUMENTATION_COMMENTS = YES;
				CLANG_WARN_EMPTY_BODY = YES;
				CLANG_WARN_ENUM_CONVERSION = YES;
				CLANG_WARN_INFINITE_RECURSION = YES;
				CLANG_WARN_INT_CONVERSION = YES;
				CLANG_WARN_NON_LITERAL_NULL_CONVERSION = YES;
				CLANG_WARN_OBJC_IMPLICIT_RETAIN_SELF = YES;
				CLANG_WARN_OBJC_LITERAL_CONVERSION = YES;
				CLANG_WARN_OBJC_ROOT_CLASS = YES_ERROR;
				CLANG_WARN_RANGE_LOOP_ANALYSIS = YES;
				CLANG_WARN_STRICT_PROTOTYPES = YES;
				CLANG_WARN_SUSPICIOUS_MOVE = YES;
				CLANG_WARN_UNGUARDED_AVAILABILITY = YES_AGGRESSIVE;
				CLANG_WARN_UNREACHABLE_CODE = YES;
				CLANG_WARN__DUPLICATE_METHOD_MATCH = YES;
				CODE_SIGN_IDENTITY = "iPhone Developer";
				COPY_PHASE_STRIP = NO;
				DEBUG_INFORMATION_FORMAT = dwarf;
				ENABLE_STRICT_OBJC_MSGSEND = YES;
				ENABLE_TESTABILITY = YES;
				GCC_C_LANGUAGE_STANDARD = gnu11;
				GCC_DYNAMIC_NO_PIC = NO;
				GCC_NO_COMMON_BLOCKS = YES;
				GCC_OPTIMIZATION_LEVEL = 0;
				GCC_PREPROCESSOR_DEFINITIONS = (
					"DEBUG=1",
					"$(inherited)",
				);
				GCC_WARN_64_TO_32_BIT_CONVERSION = YES;
				GCC_WARN_ABOUT_RETURN_TYPE = YES_ERROR;
				GCC_WARN_UNDECLARED_SELECTOR = YES;
				GCC_WARN_UNINITIALIZED_AUTOS = YES_AGGRESSIVE;
				GCC_WARN_UNUSED_FUNCTION = YES;
				GCC_WARN_UNUSED_VARIABLE = YES;
				IPHONEOS_DEPLOYMENT_TARGET = 10.0;
				MTL_ENABLE_DEBUG_INFO = INCLUDE_SOURCE;
				MTL_FAST_MATH = YES;
				ONLY_ACTIVE_ARCH = YES;
				SDKROOT = iphoneos;
				SWIFT_ACTIVE_COMPILATION_CONDITIONS = DEBUG;
				SWIFT_OPTIMIZATION_LEVEL = "-Onone";
			};
			name = Debug;
		};
		AF3840FB21CBCFEA008F135E /* Release */ = {
			isa = XCBuildConfiguration;
			buildSettings = {
				ALWAYS_SEARCH_USER_PATHS = NO;
				CLANG_ANALYZER_NONNULL = YES;
				CLANG_ANALYZER_NUMBER_OBJECT_CONVERSION = YES_AGGRESSIVE;
				CLANG_CXX_LANGUAGE_STANDARD = "gnu++14";
				CLANG_CXX_LIBRARY = "libc++";
				CLANG_ENABLE_MODULES = YES;
				CLANG_ENABLE_OBJC_ARC = YES;
				CLANG_ENABLE_OBJC_WEAK = YES;
				CLANG_WARN_BLOCK_CAPTURE_AUTORELEASING = YES;
				CLANG_WARN_BOOL_CONVERSION = YES;
				CLANG_WARN_COMMA = YES;
				CLANG_WARN_CONSTANT_CONVERSION = YES;
				CLANG_WARN_DEPRECATED_OBJC_IMPLEMENTATIONS = YES;
				CLANG_WARN_DIRECT_OBJC_ISA_USAGE = YES_ERROR;
				CLANG_WARN_DOCUMENTATION_COMMENTS = YES;
				CLANG_WARN_EMPTY_BODY = YES;
				CLANG_WARN_ENUM_CONVERSION = YES;
				CLANG_WARN_INFINITE_RECURSION = YES;
				CLANG_WARN_INT_CONVERSION = YES;
				CLANG_WARN_NON_LITERAL_NULL_CONVERSION = YES;
				CLANG_WARN_OBJC_IMPLICIT_RETAIN_SELF = YES;
				CLANG_WARN_OBJC_LITERAL_CONVERSION = YES;
				CLANG_WARN_OBJC_ROOT_CLASS = YES_ERROR;
				CLANG_WARN_RANGE_LOOP_ANALYSIS = YES;
				CLANG_WARN_STRICT_PROTOTYPES = YES;
				CLANG_WARN_SUSPICIOUS_MOVE = YES;
				CLANG_WARN_UNGUARDED_AVAILABILITY = YES_AGGRESSIVE;
				CLANG_WARN_UNREACHABLE_CODE = YES;
				CLANG_WARN__DUPLICATE_METHOD_MATCH = YES;
				CODE_SIGN_IDENTITY = "iPhone Developer";
				COPY_PHASE_STRIP = NO;
				DEBUG_INFORMATION_FORMAT = "dwarf-with-dsym";
				ENABLE_NS_ASSERTIONS = NO;
				ENABLE_STRICT_OBJC_MSGSEND = YES;
				GCC_C_LANGUAGE_STANDARD = gnu11;
				GCC_NO_COMMON_BLOCKS = YES;
				GCC_WARN_64_TO_32_BIT_CONVERSION = YES;
				GCC_WARN_ABOUT_RETURN_TYPE = YES_ERROR;
				GCC_WARN_UNDECLARED_SELECTOR = YES;
				GCC_WARN_UNINITIALIZED_AUTOS = YES_AGGRESSIVE;
				GCC_WARN_UNUSED_FUNCTION = YES;
				GCC_WARN_UNUSED_VARIABLE = YES;
				IPHONEOS_DEPLOYMENT_TARGET = 10.0;
				MTL_ENABLE_DEBUG_INFO = NO;
				MTL_FAST_MATH = YES;
				SDKROOT = iphoneos;
				SWIFT_COMPILATION_MODE = wholemodule;
				SWIFT_OPTIMIZATION_LEVEL = "-O";
				VALIDATE_PRODUCT = YES;
			};
			name = Release;
		};
		AF3840FD21CBCFEA008F135E /* Debug */ = {
			isa = XCBuildConfiguration;
			buildSettings = {
				ASSETCATALOG_COMPILER_APPICON_NAME = AppIcon;
				CODE_SIGN_STYLE = Automatic;
				DEVELOPMENT_TEAM = EJHMZ3UG6B;
				INFOPLIST_FILE = SwipeablePlayerView/Info.plist;
				LD_RUNPATH_SEARCH_PATHS = (
					"$(inherited)",
					"@executable_path/Frameworks",
				);
				PRODUCT_BUNDLE_IDENTIFIER = com.nayem.SwipeablePlayerView;
				PRODUCT_NAME = "$(TARGET_NAME)";
				SWIFT_VERSION = 4.2;
				TARGETED_DEVICE_FAMILY = "1,2";
			};
			name = Debug;
		};
		AF3840FE21CBCFEA008F135E /* Release */ = {
			isa = XCBuildConfiguration;
			buildSettings = {
				ASSETCATALOG_COMPILER_APPICON_NAME = AppIcon;
				CODE_SIGN_STYLE = Automatic;
				DEVELOPMENT_TEAM = EJHMZ3UG6B;
				INFOPLIST_FILE = SwipeablePlayerView/Info.plist;
				LD_RUNPATH_SEARCH_PATHS = (
					"$(inherited)",
					"@executable_path/Frameworks",
				);
				PRODUCT_BUNDLE_IDENTIFIER = com.nayem.SwipeablePlayerView;
				PRODUCT_NAME = "$(TARGET_NAME)";
				SWIFT_VERSION = 4.2;
				TARGETED_DEVICE_FAMILY = "1,2";
			};
			name = Release;
		};
/* End XCBuildConfiguration section */

/* Begin XCConfigurationList section */
		AF3840E521CBCFE8008F135E /* Build configuration list for PBXProject "SwipeablePlayerView" */ = {
			isa = XCConfigurationList;
			buildConfigurations = (
				AF3840FA21CBCFEA008F135E /* Debug */,
				AF3840FB21CBCFEA008F135E /* Release */,
			);
			defaultConfigurationIsVisible = 0;
			defaultConfigurationName = Release;
		};
		AF3840FC21CBCFEA008F135E /* Build configuration list for PBXNativeTarget "SwipeablePlayerView" */ = {
			isa = XCConfigurationList;
			buildConfigurations = (
				AF3840FD21CBCFEA008F135E /* Debug */,
				AF3840FE21CBCFEA008F135E /* Release */,
			);
			defaultConfigurationIsVisible = 0;
			defaultConfigurationName = Release;
		};
/* End XCConfigurationList section */
	};
	rootObject = AF3840E221CBCFE8008F135E /* Project object */;
}
